// !$*UTF8*$!
{
	archiveVersion = 1;
	classes = {
	};
	objectVersion = 48;
	objects = {

/* Begin PBXBuildFile section */
		0DA1DAE1F2CE351A3B2C3FA3 /* Pods_TableMVVMUITests.framework in Frameworks */ = {isa = PBXBuildFile; fileRef = 269C990169EC9B276FA4777C /* Pods_TableMVVMUITests.framework */; };
		434B094B411A1EE7B7C363F7 /* Pods_TableMVVMTests.framework in Frameworks */ = {isa = PBXBuildFile; fileRef = AE3E28AF88996DE1B1BDF79E /* Pods_TableMVVMTests.framework */; };
		8D3273ED20734FDC00315EE1 /* APIService.swift in Sources */ = {isa = PBXBuildFile; fileRef = 8D3273EC20734FDC00315EE1 /* APIService.swift */; };
		8DC39C9D207250A900DFE12D /* Database.swift in Sources */ = {isa = PBXBuildFile; fileRef = 8DC39C9C207250A900DFE12D /* Database.swift */; };
		8DC39C9F2072522000DFE12D /* TodoItem.swift in Sources */ = {isa = PBXBuildFile; fileRef = 8DC39C9E2072522000DFE12D /* TodoItem.swift */; };
		CF91889E60F4252B1A6F9EE7 /* Pods_TableMVVM.framework in Frameworks */ = {isa = PBXBuildFile; fileRef = B3D6C92515935523D344B27E /* Pods_TableMVVM.framework */; };
		F1619A8E2070BC6400952950 /* AppDelegate.swift in Sources */ = {isa = PBXBuildFile; fileRef = F1619A8D2070BC6400952950 /* AppDelegate.swift */; };
		F1619A902070BC6400952950 /* ViewController.swift in Sources */ = {isa = PBXBuildFile; fileRef = F1619A8F2070BC6400952950 /* ViewController.swift */; };
		F1619A932070BC6400952950 /* Main.storyboard in Resources */ = {isa = PBXBuildFile; fileRef = F1619A912070BC6400952950 /* Main.storyboard */; };
		F1619A952070BC6400952950 /* Assets.xcassets in Resources */ = {isa = PBXBuildFile; fileRef = F1619A942070BC6400952950 /* Assets.xcassets */; };
		F1619A982070BC6400952950 /* LaunchScreen.storyboard in Resources */ = {isa = PBXBuildFile; fileRef = F1619A962070BC6400952950 /* LaunchScreen.storyboard */; };
		F1619AA32070BC6400952950 /* TableMVVMTests.swift in Sources */ = {isa = PBXBuildFile; fileRef = F1619AA22070BC6400952950 /* TableMVVMTests.swift */; };
		F1619AAE2070BC6400952950 /* TableMVVMUITests.swift in Sources */ = {isa = PBXBuildFile; fileRef = F1619AAD2070BC6400952950 /* TableMVVMUITests.swift */; };
		F1619ABC2070BE1500952950 /* TodoViewModel.swift in Sources */ = {isa = PBXBuildFile; fileRef = F1619ABB2070BE1500952950 /* TodoViewModel.swift */; };
		F1619ABE2070BEF600952950 /* TodoItemViewModel.swift in Sources */ = {isa = PBXBuildFile; fileRef = F1619ABD2070BEF600952950 /* TodoItemViewModel.swift */; };
		F1619AC12070C11100952950 /* TodoItemTableViewCell.swift in Sources */ = {isa = PBXBuildFile; fileRef = F1619ABF2070C11100952950 /* TodoItemTableViewCell.swift */; };
		F1619AC22070C11100952950 /* TodoItemTableViewCell.xib in Resources */ = {isa = PBXBuildFile; fileRef = F1619AC02070C11100952950 /* TodoItemTableViewCell.xib */; };
		F1619AC42070E8DA00952950 /* TodoMenuItemViewModel.swift in Sources */ = {isa = PBXBuildFile; fileRef = F1619AC32070E8DA00952950 /* TodoMenuItemViewModel.swift */; };
		F1619AC62070E96900952950 /* RemoveMenuItemViewModel.swift in Sources */ = {isa = PBXBuildFile; fileRef = F1619AC52070E96900952950 /* RemoveMenuItemViewModel.swift */; };
		F1619AC82070E9B400952950 /* DoneMenuItemViewModel.swift in Sources */ = {isa = PBXBuildFile; fileRef = F1619AC72070E9B400952950 /* DoneMenuItemViewModel.swift */; };
		F1619ACA2070ED0C00952950 /* UIColorExtension.swift in Sources */ = {isa = PBXBuildFile; fileRef = F1619AC92070ED0C00952950 /* UIColorExtension.swift */; };
/* End PBXBuildFile section */

/* Begin PBXContainerItemProxy section */
		F1619A9F2070BC6400952950 /* PBXContainerItemProxy */ = {
			isa = PBXContainerItemProxy;
			containerPortal = F1619A822070BC6400952950 /* Project object */;
			proxyType = 1;
			remoteGlobalIDString = F1619A892070BC6400952950;
			remoteInfo = TableMVVM;
		};
		F1619AAA2070BC6400952950 /* PBXContainerItemProxy */ = {
			isa = PBXContainerItemProxy;
			containerPortal = F1619A822070BC6400952950 /* Project object */;
			proxyType = 1;
			remoteGlobalIDString = F1619A892070BC6400952950;
			remoteInfo = TableMVVM;
		};
/* End PBXContainerItemProxy section */

/* Begin PBXFileReference section */
		05B1DC1F744DFFF7D7E39EB8 /* Pods-TableMVVMTests.release.xcconfig */ = {isa = PBXFileReference; includeInIndex = 1; lastKnownFileType = text.xcconfig; name = "Pods-TableMVVMTests.release.xcconfig"; path = "Pods/Target Support Files/Pods-TableMVVMTests/Pods-TableMVVMTests.release.xcconfig"; sourceTree = "<group>"; };
		269C990169EC9B276FA4777C /* Pods_TableMVVMUITests.framework */ = {isa = PBXFileReference; explicitFileType = wrapper.framework; includeInIndex = 0; path = Pods_TableMVVMUITests.framework; sourceTree = BUILT_PRODUCTS_DIR; };
		52E7A13C3409BEAA47DFF6E3 /* Pods-TableMVVMTests.debug.xcconfig */ = {isa = PBXFileReference; includeInIndex = 1; lastKnownFileType = text.xcconfig; name = "Pods-TableMVVMTests.debug.xcconfig"; path = "Pods/Target Support Files/Pods-TableMVVMTests/Pods-TableMVVMTests.debug.xcconfig"; sourceTree = "<group>"; };
		584FC162CD3DE638834CA7B9 /* Pods-TableMVVMUITests.release.xcconfig */ = {isa = PBXFileReference; includeInIndex = 1; lastKnownFileType = text.xcconfig; name = "Pods-TableMVVMUITests.release.xcconfig"; path = "Pods/Target Support Files/Pods-TableMVVMUITests/Pods-TableMVVMUITests.release.xcconfig"; sourceTree = "<group>"; };
		79E54955EC3BDB1702FC0AF4 /* Pods-TableMVVMUITests.debug.xcconfig */ = {isa = PBXFileReference; includeInIndex = 1; lastKnownFileType = text.xcconfig; name = "Pods-TableMVVMUITests.debug.xcconfig"; path = "Pods/Target Support Files/Pods-TableMVVMUITests/Pods-TableMVVMUITests.debug.xcconfig"; sourceTree = "<group>"; };
		8D3273EC20734FDC00315EE1 /* APIService.swift */ = {isa = PBXFileReference; lastKnownFileType = sourcecode.swift; path = APIService.swift; sourceTree = "<group>"; };
		8DC39C9C207250A900DFE12D /* Database.swift */ = {isa = PBXFileReference; lastKnownFileType = sourcecode.swift; path = Database.swift; sourceTree = "<group>"; };
		8DC39C9E2072522000DFE12D /* TodoItem.swift */ = {isa = PBXFileReference; lastKnownFileType = sourcecode.swift; path = TodoItem.swift; sourceTree = "<group>"; };
		AE3E28AF88996DE1B1BDF79E /* Pods_TableMVVMTests.framework */ = {isa = PBXFileReference; explicitFileType = wrapper.framework; includeInIndex = 0; path = Pods_TableMVVMTests.framework; sourceTree = BUILT_PRODUCTS_DIR; };
		B3D6C92515935523D344B27E /* Pods_TableMVVM.framework */ = {isa = PBXFileReference; explicitFileType = wrapper.framework; includeInIndex = 0; path = Pods_TableMVVM.framework; sourceTree = BUILT_PRODUCTS_DIR; };
		DBC1ADFB7E076AC443B4C2FD /* Pods-TableMVVM.release.xcconfig */ = {isa = PBXFileReference; includeInIndex = 1; lastKnownFileType = text.xcconfig; name = "Pods-TableMVVM.release.xcconfig"; path = "Pods/Target Support Files/Pods-TableMVVM/Pods-TableMVVM.release.xcconfig"; sourceTree = "<group>"; };
		E57C231CB565FB27058FEBA5 /* Pods-TableMVVM.debug.xcconfig */ = {isa = PBXFileReference; includeInIndex = 1; lastKnownFileType = text.xcconfig; name = "Pods-TableMVVM.debug.xcconfig"; path = "Pods/Target Support Files/Pods-TableMVVM/Pods-TableMVVM.debug.xcconfig"; sourceTree = "<group>"; };
		F1619A8A2070BC6400952950 /* TableMVVM.app */ = {isa = PBXFileReference; explicitFileType = wrapper.application; includeInIndex = 0; path = TableMVVM.app; sourceTree = BUILT_PRODUCTS_DIR; };
		F1619A8D2070BC6400952950 /* AppDelegate.swift */ = {isa = PBXFileReference; lastKnownFileType = sourcecode.swift; path = AppDelegate.swift; sourceTree = "<group>"; };
		F1619A8F2070BC6400952950 /* ViewController.swift */ = {isa = PBXFileReference; lastKnownFileType = sourcecode.swift; path = ViewController.swift; sourceTree = "<group>"; };
		F1619A922070BC6400952950 /* Base */ = {isa = PBXFileReference; lastKnownFileType = file.storyboard; name = Base; path = Base.lproj/Main.storyboard; sourceTree = "<group>"; };
		F1619A942070BC6400952950 /* Assets.xcassets */ = {isa = PBXFileReference; lastKnownFileType = folder.assetcatalog; path = Assets.xcassets; sourceTree = "<group>"; };
		F1619A972070BC6400952950 /* Base */ = {isa = PBXFileReference; lastKnownFileType = file.storyboard; name = Base; path = Base.lproj/LaunchScreen.storyboard; sourceTree = "<group>"; };
		F1619A992070BC6400952950 /* Info.plist */ = {isa = PBXFileReference; lastKnownFileType = text.plist.xml; path = Info.plist; sourceTree = "<group>"; };
		F1619A9E2070BC6400952950 /* TableMVVMTests.xctest */ = {isa = PBXFileReference; explicitFileType = wrapper.cfbundle; includeInIndex = 0; path = TableMVVMTests.xctest; sourceTree = BUILT_PRODUCTS_DIR; };
		F1619AA22070BC6400952950 /* TableMVVMTests.swift */ = {isa = PBXFileReference; lastKnownFileType = sourcecode.swift; path = TableMVVMTests.swift; sourceTree = "<group>"; };
		F1619AA42070BC6400952950 /* Info.plist */ = {isa = PBXFileReference; lastKnownFileType = text.plist.xml; path = Info.plist; sourceTree = "<group>"; };
		F1619AA92070BC6400952950 /* TableMVVMUITests.xctest */ = {isa = PBXFileReference; explicitFileType = wrapper.cfbundle; includeInIndex = 0; path = TableMVVMUITests.xctest; sourceTree = BUILT_PRODUCTS_DIR; };
		F1619AAD2070BC6400952950 /* TableMVVMUITests.swift */ = {isa = PBXFileReference; lastKnownFileType = sourcecode.swift; path = TableMVVMUITests.swift; sourceTree = "<group>"; };
		F1619AAF2070BC6400952950 /* Info.plist */ = {isa = PBXFileReference; lastKnownFileType = text.plist.xml; path = Info.plist; sourceTree = "<group>"; };
		F1619ABB2070BE1500952950 /* TodoViewModel.swift */ = {isa = PBXFileReference; lastKnownFileType = sourcecode.swift; path = TodoViewModel.swift; sourceTree = "<group>"; };
		F1619ABD2070BEF600952950 /* TodoItemViewModel.swift */ = {isa = PBXFileReference; lastKnownFileType = sourcecode.swift; path = TodoItemViewModel.swift; sourceTree = "<group>"; };
		F1619ABF2070C11100952950 /* TodoItemTableViewCell.swift */ = {isa = PBXFileReference; lastKnownFileType = sourcecode.swift; path = TodoItemTableViewCell.swift; sourceTree = "<group>"; };
		F1619AC02070C11100952950 /* TodoItemTableViewCell.xib */ = {isa = PBXFileReference; lastKnownFileType = file.xib; path = TodoItemTableViewCell.xib; sourceTree = "<group>"; };
		F1619AC32070E8DA00952950 /* TodoMenuItemViewModel.swift */ = {isa = PBXFileReference; lastKnownFileType = sourcecode.swift; path = TodoMenuItemViewModel.swift; sourceTree = "<group>"; };
		F1619AC52070E96900952950 /* RemoveMenuItemViewModel.swift */ = {isa = PBXFileReference; lastKnownFileType = sourcecode.swift; path = RemoveMenuItemViewModel.swift; sourceTree = "<group>"; };
		F1619AC72070E9B400952950 /* DoneMenuItemViewModel.swift */ = {isa = PBXFileReference; lastKnownFileType = sourcecode.swift; path = DoneMenuItemViewModel.swift; sourceTree = "<group>"; };
		F1619AC92070ED0C00952950 /* UIColorExtension.swift */ = {isa = PBXFileReference; lastKnownFileType = sourcecode.swift; path = UIColorExtension.swift; sourceTree = "<group>"; };
/* End PBXFileReference section */

/* Begin PBXFrameworksBuildPhase section */
		F1619A872070BC6400952950 /* Frameworks */ = {
			isa = PBXFrameworksBuildPhase;
			buildActionMask = 2147483647;
			files = (
				CF91889E60F4252B1A6F9EE7 /* Pods_TableMVVM.framework in Frameworks */,
			);
			runOnlyForDeploymentPostprocessing = 0;
		};
		F1619A9B2070BC6400952950 /* Frameworks */ = {
			isa = PBXFrameworksBuildPhase;
			buildActionMask = 2147483647;
			files = (
				434B094B411A1EE7B7C363F7 /* Pods_TableMVVMTests.framework in Frameworks */,
			);
			runOnlyForDeploymentPostprocessing = 0;
		};
		F1619AA62070BC6400952950 /* Frameworks */ = {
			isa = PBXFrameworksBuildPhase;
			buildActionMask = 2147483647;
			files = (
				0DA1DAE1F2CE351A3B2C3FA3 /* Pods_TableMVVMUITests.framework in Frameworks */,
			);
			runOnlyForDeploymentPostprocessing = 0;
		};
/* End PBXFrameworksBuildPhase section */

/* Begin PBXGroup section */
		442F5E9380D7AECEEEF92B20 /* Pods */ = {
			isa = PBXGroup;
			children = (
				E57C231CB565FB27058FEBA5 /* Pods-TableMVVM.debug.xcconfig */,
				DBC1ADFB7E076AC443B4C2FD /* Pods-TableMVVM.release.xcconfig */,
				52E7A13C3409BEAA47DFF6E3 /* Pods-TableMVVMTests.debug.xcconfig */,
				05B1DC1F744DFFF7D7E39EB8 /* Pods-TableMVVMTests.release.xcconfig */,
				79E54955EC3BDB1702FC0AF4 /* Pods-TableMVVMUITests.debug.xcconfig */,
				584FC162CD3DE638834CA7B9 /* Pods-TableMVVMUITests.release.xcconfig */,
			);
			name = Pods;
			sourceTree = "<group>";
		};
		8DC39CA0207254C500DFE12D /* Entity */ = {
			isa = PBXGroup;
			children = (
				8DC39C9E2072522000DFE12D /* TodoItem.swift */,
			);
			path = Entity;
			sourceTree = "<group>";
		};
		D3E41AF77ABBAA9B44473A27 /* Frameworks */ = {
			isa = PBXGroup;
			children = (
				B3D6C92515935523D344B27E /* Pods_TableMVVM.framework */,
				AE3E28AF88996DE1B1BDF79E /* Pods_TableMVVMTests.framework */,
				269C990169EC9B276FA4777C /* Pods_TableMVVMUITests.framework */,
			);
			name = Frameworks;
			sourceTree = "<group>";
		};
		F1619A812070BC6400952950 = {
			isa = PBXGroup;
			children = (
				F1619A8C2070BC6400952950 /* TableMVVM */,
				F1619AA12070BC6400952950 /* TableMVVMTests */,
				F1619AAC2070BC6400952950 /* TableMVVMUITests */,
				F1619A8B2070BC6400952950 /* Products */,
				442F5E9380D7AECEEEF92B20 /* Pods */,
				D3E41AF77ABBAA9B44473A27 /* Frameworks */,
			);
			sourceTree = "<group>";
		};
		F1619A8B2070BC6400952950 /* Products */ = {
			isa = PBXGroup;
			children = (
				F1619A8A2070BC6400952950 /* TableMVVM.app */,
				F1619A9E2070BC6400952950 /* TableMVVMTests.xctest */,
				F1619AA92070BC6400952950 /* TableMVVMUITests.xctest */,
			);
			name = Products;
			sourceTree = "<group>";
		};
		F1619A8C2070BC6400952950 /* TableMVVM */ = {
			isa = PBXGroup;
			children = (
				8DC39CA0207254C500DFE12D /* Entity */,
				F1619ACC20712CD000952950 /* View Model */,
				F1619ACB20712CC100952950 /* View */,
				F1619ACD20712CEA00952950 /* Extension */,
				F1619A8D2070BC6400952950 /* AppDelegate.swift */,
				8DC39C9C207250A900DFE12D /* Database.swift */,
				8D3273EC20734FDC00315EE1 /* APIService.swift */,
				F1619A912070BC6400952950 /* Main.storyboard */,
				F1619A942070BC6400952950 /* Assets.xcassets */,
				F1619A962070BC6400952950 /* LaunchScreen.storyboard */,
				F1619A992070BC6400952950 /* Info.plist */,
			);
			path = TableMVVM;
			sourceTree = "<group>";
		};
		F1619AA12070BC6400952950 /* TableMVVMTests */ = {
			isa = PBXGroup;
			children = (
				F1619AA22070BC6400952950 /* TableMVVMTests.swift */,
				F1619AA42070BC6400952950 /* Info.plist */,
			);
			path = TableMVVMTests;
			sourceTree = "<group>";
		};
		F1619AAC2070BC6400952950 /* TableMVVMUITests */ = {
			isa = PBXGroup;
			children = (
				F1619AAD2070BC6400952950 /* TableMVVMUITests.swift */,
				F1619AAF2070BC6400952950 /* Info.plist */,
			);
			path = TableMVVMUITests;
			sourceTree = "<group>";
		};
		F1619ACB20712CC100952950 /* View */ = {
			isa = PBXGroup;
			children = (
				F1619ACE20712CFF00952950 /* cells */,
				F1619A8F2070BC6400952950 /* ViewController.swift */,
			);
			path = View;
			sourceTree = "<group>";
		};
		F1619ACC20712CD000952950 /* View Model */ = {
			isa = PBXGroup;
			children = (
				F1619ABB2070BE1500952950 /* TodoViewModel.swift */,
				F1619ABD2070BEF600952950 /* TodoItemViewModel.swift */,
				F1619AC32070E8DA00952950 /* TodoMenuItemViewModel.swift */,
				F1619AC52070E96900952950 /* RemoveMenuItemViewModel.swift */,
				F1619AC72070E9B400952950 /* DoneMenuItemViewModel.swift */,
			);
			path = "View Model";
			sourceTree = "<group>";
		};
		F1619ACD20712CEA00952950 /* Extension */ = {
			isa = PBXGroup;
			children = (
				F1619AC92070ED0C00952950 /* UIColorExtension.swift */,
			);
			path = Extension;
			sourceTree = "<group>";
		};
		F1619ACE20712CFF00952950 /* cells */ = {
			isa = PBXGroup;
			children = (
				F1619ABF2070C11100952950 /* TodoItemTableViewCell.swift */,
				F1619AC02070C11100952950 /* TodoItemTableViewCell.xib */,
			);
			path = cells;
			sourceTree = "<group>";
		};
/* End PBXGroup section */

/* Begin PBXNativeTarget section */
		F1619A892070BC6400952950 /* TableMVVM */ = {
			isa = PBXNativeTarget;
			buildConfigurationList = F1619AB22070BC6400952950 /* Build configuration list for PBXNativeTarget "TableMVVM" */;
			buildPhases = (
				936ED782163DD4AED3ED4A52 /* [CP] Check Pods Manifest.lock */,
				F1619A862070BC6400952950 /* Sources */,
				F1619A872070BC6400952950 /* Frameworks */,
				F1619A882070BC6400952950 /* Resources */,
				BCE83F1D55BE9D3D5B7021F6 /* [CP] Embed Pods Frameworks */,
				0459D78D786912FA125DA1EA /* [CP] Copy Pods Resources */,
			);
			buildRules = (
			);
			dependencies = (
			);
			name = TableMVVM;
			productName = TableMVVM;
			productReference = F1619A8A2070BC6400952950 /* TableMVVM.app */;
			productType = "com.apple.product-type.application";
		};
		F1619A9D2070BC6400952950 /* TableMVVMTests */ = {
			isa = PBXNativeTarget;
			buildConfigurationList = F1619AB52070BC6400952950 /* Build configuration list for PBXNativeTarget "TableMVVMTests" */;
			buildPhases = (
				A8303AE26082A3154C1FE971 /* [CP] Check Pods Manifest.lock */,
				F1619A9A2070BC6400952950 /* Sources */,
				F1619A9B2070BC6400952950 /* Frameworks */,
				F1619A9C2070BC6400952950 /* Resources */,
				E5580F9329BB6186E38886E0 /* [CP] Embed Pods Frameworks */,
				397CA03C645B9326BAC20C17 /* [CP] Copy Pods Resources */,
			);
			buildRules = (
			);
			dependencies = (
				F1619AA02070BC6400952950 /* PBXTargetDependency */,
			);
			name = TableMVVMTests;
			productName = TableMVVMTests;
			productReference = F1619A9E2070BC6400952950 /* TableMVVMTests.xctest */;
			productType = "com.apple.product-type.bundle.unit-test";
		};
		F1619AA82070BC6400952950 /* TableMVVMUITests */ = {
			isa = PBXNativeTarget;
			buildConfigurationList = F1619AB82070BC6400952950 /* Build configuration list for PBXNativeTarget "TableMVVMUITests" */;
			buildPhases = (
				03DACE0FBEAA316085311DB6 /* [CP] Check Pods Manifest.lock */,
				F1619AA52070BC6400952950 /* Sources */,
				F1619AA62070BC6400952950 /* Frameworks */,
				F1619AA72070BC6400952950 /* Resources */,
				5C96DA765CFCD0C115B0C0D0 /* [CP] Embed Pods Frameworks */,
				EB174DA12302CD46211D7344 /* [CP] Copy Pods Resources */,
			);
			buildRules = (
			);
			dependencies = (
				F1619AAB2070BC6400952950 /* PBXTargetDependency */,
			);
			name = TableMVVMUITests;
			productName = TableMVVMUITests;
			productReference = F1619AA92070BC6400952950 /* TableMVVMUITests.xctest */;
			productType = "com.apple.product-type.bundle.ui-testing";
		};
/* End PBXNativeTarget section */

/* Begin PBXProject section */
		F1619A822070BC6400952950 /* Project object */ = {
			isa = PBXProject;
			attributes = {
				LastSwiftUpdateCheck = 0920;
				LastUpgradeCheck = 0920;
				ORGANIZATIONNAME = "romdoni agung purbayanto";
				TargetAttributes = {
					F1619A892070BC6400952950 = {
						CreatedOnToolsVersion = 9.2;
						ProvisioningStyle = Automatic;
					};
					F1619A9D2070BC6400952950 = {
						CreatedOnToolsVersion = 9.2;
						ProvisioningStyle = Automatic;
						TestTargetID = F1619A892070BC6400952950;
					};
					F1619AA82070BC6400952950 = {
						CreatedOnToolsVersion = 9.2;
						ProvisioningStyle = Automatic;
						TestTargetID = F1619A892070BC6400952950;
					};
				};
			};
			buildConfigurationList = F1619A852070BC6400952950 /* Build configuration list for PBXProject "TableMVVM" */;
			compatibilityVersion = "Xcode 8.0";
			developmentRegion = en;
			hasScannedForEncodings = 0;
			knownRegions = (
				en,
				Base,
			);
			mainGroup = F1619A812070BC6400952950;
			productRefGroup = F1619A8B2070BC6400952950 /* Products */;
			projectDirPath = "";
			projectRoot = "";
			targets = (
				F1619A892070BC6400952950 /* TableMVVM */,
				F1619A9D2070BC6400952950 /* TableMVVMTests */,
				F1619AA82070BC6400952950 /* TableMVVMUITests */,
			);
		};
/* End PBXProject section */

/* Begin PBXResourcesBuildPhase section */
		F1619A882070BC6400952950 /* Resources */ = {
			isa = PBXResourcesBuildPhase;
			buildActionMask = 2147483647;
			files = (
				F1619A982070BC6400952950 /* LaunchScreen.storyboard in Resources */,
				F1619A952070BC6400952950 /* Assets.xcassets in Resources */,
				F1619AC22070C11100952950 /* TodoItemTableViewCell.xib in Resources */,
				F1619A932070BC6400952950 /* Main.storyboard in Resources */,
			);
			runOnlyForDeploymentPostprocessing = 0;
		};
		F1619A9C2070BC6400952950 /* Resources */ = {
			isa = PBXResourcesBuildPhase;
			buildActionMask = 2147483647;
			files = (
			);
			runOnlyForDeploymentPostprocessing = 0;
		};
		F1619AA72070BC6400952950 /* Resources */ = {
			isa = PBXResourcesBuildPhase;
			buildActionMask = 2147483647;
			files = (
			);
			runOnlyForDeploymentPostprocessing = 0;
		};
/* End PBXResourcesBuildPhase section */

/* Begin PBXShellScriptBuildPhase section */
		03DACE0FBEAA316085311DB6 /* [CP] Check Pods Manifest.lock */ = {
			isa = PBXShellScriptBuildPhase;
			buildActionMask = 2147483647;
			files = (
			);
			inputPaths = (
				"${PODS_PODFILE_DIR_PATH}/Podfile.lock",
				"${PODS_ROOT}/Manifest.lock",
			);
			name = "[CP] Check Pods Manifest.lock";
			outputPaths = (
				"$(DERIVED_FILE_DIR)/Pods-TableMVVMUITests-checkManifestLockResult.txt",
			);
			runOnlyForDeploymentPostprocessing = 0;
			shellPath = /bin/sh;
			shellScript = "diff \"${PODS_PODFILE_DIR_PATH}/Podfile.lock\" \"${PODS_ROOT}/Manifest.lock\" > /dev/null\nif [ $? != 0 ] ; then\n    # print error to STDERR\n    echo \"error: The sandbox is not in sync with the Podfile.lock. Run 'pod install' or update your CocoaPods installation.\" >&2\n    exit 1\nfi\n# This output is used by Xcode 'outputs' to avoid re-running this script phase.\necho \"SUCCESS\" > \"${SCRIPT_OUTPUT_FILE_0}\"\n";
			showEnvVarsInLog = 0;
		};
		0459D78D786912FA125DA1EA /* [CP] Copy Pods Resources */ = {
			isa = PBXShellScriptBuildPhase;
			buildActionMask = 2147483647;
			files = (
			);
			inputPaths = (
			);
			name = "[CP] Copy Pods Resources";
			outputPaths = (
			);
			runOnlyForDeploymentPostprocessing = 0;
			shellPath = /bin/sh;
			shellScript = "\"${SRCROOT}/Pods/Target Support Files/Pods-TableMVVM/Pods-TableMVVM-resources.sh\"\n";
			showEnvVarsInLog = 0;
		};
		397CA03C645B9326BAC20C17 /* [CP] Copy Pods Resources */ = {
			isa = PBXShellScriptBuildPhase;
			buildActionMask = 2147483647;
			files = (
			);
			inputPaths = (
			);
			name = "[CP] Copy Pods Resources";
			outputPaths = (
			);
			runOnlyForDeploymentPostprocessing = 0;
			shellPath = /bin/sh;
			shellScript = "\"${SRCROOT}/Pods/Target Support Files/Pods-TableMVVMTests/Pods-TableMVVMTests-resources.sh\"\n";
			showEnvVarsInLog = 0;
		};
		5C96DA765CFCD0C115B0C0D0 /* [CP] Embed Pods Frameworks */ = {
			isa = PBXShellScriptBuildPhase;
			buildActionMask = 2147483647;
			files = (
			);
			inputPaths = (
			);
			name = "[CP] Embed Pods Frameworks";
			outputPaths = (
			);
			runOnlyForDeploymentPostprocessing = 0;
			shellPath = /bin/sh;
			shellScript = "\"${SRCROOT}/Pods/Target Support Files/Pods-TableMVVMUITests/Pods-TableMVVMUITests-frameworks.sh\"\n";
			showEnvVarsInLog = 0;
		};
		936ED782163DD4AED3ED4A52 /* [CP] Check Pods Manifest.lock */ = {
			isa = PBXShellScriptBuildPhase;
			buildActionMask = 2147483647;
			files = (
			);
			inputPaths = (
				"${PODS_PODFILE_DIR_PATH}/Podfile.lock",
				"${PODS_ROOT}/Manifest.lock",
			);
			name = "[CP] Check Pods Manifest.lock";
			outputPaths = (
				"$(DERIVED_FILE_DIR)/Pods-TableMVVM-checkManifestLockResult.txt",
			);
			runOnlyForDeploymentPostprocessing = 0;
			shellPath = /bin/sh;
			shellScript = "diff \"${PODS_PODFILE_DIR_PATH}/Podfile.lock\" \"${PODS_ROOT}/Manifest.lock\" > /dev/null\nif [ $? != 0 ] ; then\n    # print error to STDERR\n    echo \"error: The sandbox is not in sync with the Podfile.lock. Run 'pod install' or update your CocoaPods installation.\" >&2\n    exit 1\nfi\n# This output is used by Xcode 'outputs' to avoid re-running this script phase.\necho \"SUCCESS\" > \"${SCRIPT_OUTPUT_FILE_0}\"\n";
			showEnvVarsInLog = 0;
		};
		A8303AE26082A3154C1FE971 /* [CP] Check Pods Manifest.lock */ = {
			isa = PBXShellScriptBuildPhase;
			buildActionMask = 2147483647;
			files = (
			);
			inputPaths = (
				"${PODS_PODFILE_DIR_PATH}/Podfile.lock",
				"${PODS_ROOT}/Manifest.lock",
			);
			name = "[CP] Check Pods Manifest.lock";
			outputPaths = (
				"$(DERIVED_FILE_DIR)/Pods-TableMVVMTests-checkManifestLockResult.txt",
			);
			runOnlyForDeploymentPostprocessing = 0;
			shellPath = /bin/sh;
			shellScript = "diff \"${PODS_PODFILE_DIR_PATH}/Podfile.lock\" \"${PODS_ROOT}/Manifest.lock\" > /dev/null\nif [ $? != 0 ] ; then\n    # print error to STDERR\n    echo \"error: The sandbox is not in sync with the Podfile.lock. Run 'pod install' or update your CocoaPods installation.\" >&2\n    exit 1\nfi\n# This output is used by Xcode 'outputs' to avoid re-running this script phase.\necho \"SUCCESS\" > \"${SCRIPT_OUTPUT_FILE_0}\"\n";
			showEnvVarsInLog = 0;
		};
		BCE83F1D55BE9D3D5B7021F6 /* [CP] Embed Pods Frameworks */ = {
			isa = PBXShellScriptBuildPhase;
			buildActionMask = 2147483647;
			files = (
			);
			inputPaths = (
				"${SRCROOT}/Pods/Target Support Files/Pods-TableMVVM/Pods-TableMVVM-frameworks.sh",
				"${BUILT_PRODUCTS_DIR}/Alamofire/Alamofire.framework",
				"${BUILT_PRODUCTS_DIR}/Differentiator/Differentiator.framework",
				"${BUILT_PRODUCTS_DIR}/Realm/Realm.framework",
				"${BUILT_PRODUCTS_DIR}/RealmSwift/RealmSwift.framework",
				"${BUILT_PRODUCTS_DIR}/RxCocoa/RxCocoa.framework",
				"${BUILT_PRODUCTS_DIR}/RxDataSources/RxDataSources.framework",
				"${BUILT_PRODUCTS_DIR}/RxSwift/RxSwift.framework",
				"${BUILT_PRODUCTS_DIR}/SwiftyJSON/SwiftyJSON.framework",
			);
			name = "[CP] Embed Pods Frameworks";
			outputPaths = (
				"${TARGET_BUILD_DIR}/${FRAMEWORKS_FOLDER_PATH}/Alamofire.framework",
				"${TARGET_BUILD_DIR}/${FRAMEWORKS_FOLDER_PATH}/Differentiator.framework",
				"${TARGET_BUILD_DIR}/${FRAMEWORKS_FOLDER_PATH}/Realm.framework",
				"${TARGET_BUILD_DIR}/${FRAMEWORKS_FOLDER_PATH}/RealmSwift.framework",
				"${TARGET_BUILD_DIR}/${FRAMEWORKS_FOLDER_PATH}/RxCocoa.framework",
				"${TARGET_BUILD_DIR}/${FRAMEWORKS_FOLDER_PATH}/RxDataSources.framework",
				"${TARGET_BUILD_DIR}/${FRAMEWORKS_FOLDER_PATH}/RxSwift.framework",
				"${TARGET_BUILD_DIR}/${FRAMEWORKS_FOLDER_PATH}/SwiftyJSON.framework",
			);
			runOnlyForDeploymentPostprocessing = 0;
			shellPath = /bin/sh;
			shellScript = "\"${SRCROOT}/Pods/Target Support Files/Pods-TableMVVM/Pods-TableMVVM-frameworks.sh\"\n";
			showEnvVarsInLog = 0;
		};
		E5580F9329BB6186E38886E0 /* [CP] Embed Pods Frameworks */ = {
			isa = PBXShellScriptBuildPhase;
			buildActionMask = 2147483647;
			files = (
			);
			inputPaths = (
			);
			name = "[CP] Embed Pods Frameworks";
			outputPaths = (
			);
			runOnlyForDeploymentPostprocessing = 0;
			shellPath = /bin/sh;
			shellScript = "\"${SRCROOT}/Pods/Target Support Files/Pods-TableMVVMTests/Pods-TableMVVMTests-frameworks.sh\"\n";
			showEnvVarsInLog = 0;
		};
		EB174DA12302CD46211D7344 /* [CP] Copy Pods Resources */ = {
			isa = PBXShellScriptBuildPhase;
			buildActionMask = 2147483647;
			files = (
			);
			inputPaths = (
			);
			name = "[CP] Copy Pods Resources";
			outputPaths = (
			);
			runOnlyForDeploymentPostprocessing = 0;
			shellPath = /bin/sh;
			shellScript = "\"${SRCROOT}/Pods/Target Support Files/Pods-TableMVVMUITests/Pods-TableMVVMUITests-resources.sh\"\n";
			showEnvVarsInLog = 0;
		};
/* End PBXShellScriptBuildPhase section */

/* Begin PBXSourcesBuildPhase section */
		F1619A862070BC6400952950 /* Sources */ = {
			isa = PBXSourcesBuildPhase;
			buildActionMask = 2147483647;
			files = (
				F1619AC62070E96900952950 /* RemoveMenuItemViewModel.swift in Sources */,
				F1619AC42070E8DA00952950 /* TodoMenuItemViewModel.swift in Sources */,
				F1619AC12070C11100952950 /* TodoItemTableViewCell.swift in Sources */,
				F1619ABC2070BE1500952950 /* TodoViewModel.swift in Sources */,
				F1619AC82070E9B400952950 /* DoneMenuItemViewModel.swift in Sources */,
				8DC39C9F2072522000DFE12D /* TodoItem.swift in Sources */,
				F1619ACA2070ED0C00952950 /* UIColorExtension.swift in Sources */,
				F1619A902070BC6400952950 /* ViewController.swift in Sources */,
				F1619A8E2070BC6400952950 /* AppDelegate.swift in Sources */,
				8DC39C9D207250A900DFE12D /* Database.swift in Sources */,
				8D3273ED20734FDC00315EE1 /* APIService.swift in Sources */,
				F1619ABE2070BEF600952950 /* TodoItemViewModel.swift in Sources */,
			);
			runOnlyForDeploymentPostprocessing = 0;
		};
		F1619A9A2070BC6400952950 /* Sources */ = {
			isa = PBXSourcesBuildPhase;
			buildActionMask = 2147483647;
			files = (
				F1619AA32070BC6400952950 /* TableMVVMTests.swift in Sources */,
			);
			runOnlyForDeploymentPostprocessing = 0;
		};
		F1619AA52070BC6400952950 /* Sources */ = {
			isa = PBXSourcesBuildPhase;
			buildActionMask = 2147483647;
			files = (
				F1619AAE2070BC6400952950 /* TableMVVMUITests.swift in Sources */,
			);
			runOnlyForDeploymentPostprocessing = 0;
		};
/* End PBXSourcesBuildPhase section */

/* Begin PBXTargetDependency section */
		F1619AA02070BC6400952950 /* PBXTargetDependency */ = {
			isa = PBXTargetDependency;
			target = F1619A892070BC6400952950 /* TableMVVM */;
			targetProxy = F1619A9F2070BC6400952950 /* PBXContainerItemProxy */;
		};
		F1619AAB2070BC6400952950 /* PBXTargetDependency */ = {
			isa = PBXTargetDependency;
			target = F1619A892070BC6400952950 /* TableMVVM */;
			targetProxy = F1619AAA2070BC6400952950 /* PBXContainerItemProxy */;
		};
/* End PBXTargetDependency section */

/* Begin PBXVariantGroup section */
		F1619A912070BC6400952950 /* Main.storyboard */ = {
			isa = PBXVariantGroup;
			children = (
				F1619A922070BC6400952950 /* Base */,
			);
			name = Main.storyboard;
			sourceTree = "<group>";
		};
		F1619A962070BC6400952950 /* LaunchScreen.storyboard */ = {
			isa = PBXVariantGroup;
			children = (
				F1619A972070BC6400952950 /* Base */,
			);
			name = LaunchScreen.storyboard;
			sourceTree = "<group>";
		};
/* End PBXVariantGroup section */

/* Begin XCBuildConfiguration section */
		F1619AB02070BC6400952950 /* Debug */ = {
			isa = XCBuildConfiguration;
			buildSettings = {
				ALWAYS_SEARCH_USER_PATHS = NO;
				CLANG_ANALYZER_NONNULL = YES;
				CLANG_ANALYZER_NUMBER_OBJECT_CONVERSION = YES_AGGRESSIVE;
				CLANG_CXX_LANGUAGE_STANDARD = "gnu++14";
				CLANG_CXX_LIBRARY = "libc++";
				CLANG_ENABLE_MODULES = YES;
				CLANG_ENABLE_OBJC_ARC = YES;
				CLANG_WARN_BLOCK_CAPTURE_AUTORELEASING = YES;
				CLANG_WARN_BOOL_CONVERSION = YES;
				CLANG_WARN_COMMA = YES;
				CLANG_WARN_CONSTANT_CONVERSION = YES;
				CLANG_WARN_DIRECT_OBJC_ISA_USAGE = YES_ERROR;
				CLANG_WARN_DOCUMENTATION_COMMENTS = YES;
				CLANG_WARN_EMPTY_BODY = YES;
				CLANG_WARN_ENUM_CONVERSION = YES;
				CLANG_WARN_INFINITE_RECURSION = YES;
				CLANG_WARN_INT_CONVERSION = YES;
				CLANG_WARN_NON_LITERAL_NULL_CONVERSION = YES;
				CLANG_WARN_OBJC_LITERAL_CONVERSION = YES;
				CLANG_WARN_OBJC_ROOT_CLASS = YES_ERROR;
				CLANG_WARN_RANGE_LOOP_ANALYSIS = YES;
				CLANG_WARN_STRICT_PROTOTYPES = YES;
				CLANG_WARN_SUSPICIOUS_MOVE = YES;
				CLANG_WARN_UNGUARDED_AVAILABILITY = YES_AGGRESSIVE;
				CLANG_WARN_UNREACHABLE_CODE = YES;
				CLANG_WARN__DUPLICATE_METHOD_MATCH = YES;
				CODE_SIGN_IDENTITY = "iPhone Developer";
				COPY_PHASE_STRIP = NO;
				DEBUG_INFORMATION_FORMAT = dwarf;
				ENABLE_STRICT_OBJC_MSGSEND = YES;
				ENABLE_TESTABILITY = YES;
				GCC_C_LANGUAGE_STANDARD = gnu11;
				GCC_DYNAMIC_NO_PIC = NO;
				GCC_NO_COMMON_BLOCKS = YES;
				GCC_OPTIMIZATION_LEVEL = 0;
				GCC_PREPROCESSOR_DEFINITIONS = (
					"DEBUG=1",
					"$(inherited)",
				);
				GCC_WARN_64_TO_32_BIT_CONVERSION = YES;
				GCC_WARN_ABOUT_RETURN_TYPE = YES_ERROR;
				GCC_WARN_UNDECLARED_SELECTOR = YES;
				GCC_WARN_UNINITIALIZED_AUTOS = YES_AGGRESSIVE;
				GCC_WARN_UNUSED_FUNCTION = YES;
				GCC_WARN_UNUSED_VARIABLE = YES;
				IPHONEOS_DEPLOYMENT_TARGET = 11.2;
				MTL_ENABLE_DEBUG_INFO = YES;
				ONLY_ACTIVE_ARCH = YES;
				SDKROOT = iphoneos;
				SWIFT_ACTIVE_COMPILATION_CONDITIONS = DEBUG;
				SWIFT_OPTIMIZATION_LEVEL = "-Onone";
			};
			name = Debug;
		};
		F1619AB12070BC6400952950 /* Release */ = {
			isa = XCBuildConfiguration;
			buildSettings = {
				ALWAYS_SEARCH_USER_PATHS = NO;
				CLANG_ANALYZER_NONNULL = YES;
				CLANG_ANALYZER_NUMBER_OBJECT_CONVERSION = YES_AGGRESSIVE;
				CLANG_CXX_LANGUAGE_STANDARD = "gnu++14";
				CLANG_CXX_LIBRARY = "libc++";
				CLANG_ENABLE_MODULES = YES;
				CLANG_ENABLE_OBJC_ARC = YES;
				CLANG_WARN_BLOCK_CAPTURE_AUTORELEASING = YES;
				CLANG_WARN_BOOL_CONVERSION = YES;
				CLANG_WARN_COMMA = YES;
				CLANG_WARN_CONSTANT_CONVERSION = YES;
				CLANG_WARN_DIRECT_OBJC_ISA_USAGE = YES_ERROR;
				CLANG_WARN_DOCUMENTATION_COMMENTS = YES;
				CLANG_WARN_EMPTY_BODY = YES;
				CLANG_WARN_ENUM_CONVERSION = YES;
				CLANG_WARN_INFINITE_RECURSION = YES;
				CLANG_WARN_INT_CONVERSION = YES;
				CLANG_WARN_NON_LITERAL_NULL_CONVERSION = YES;
				CLANG_WARN_OBJC_LITERAL_CONVERSION = YES;
				CLANG_WARN_OBJC_ROOT_CLASS = YES_ERROR;
				CLANG_WARN_RANGE_LOOP_ANALYSIS = YES;
				CLANG_WARN_STRICT_PROTOTYPES = YES;
				CLANG_WARN_SUSPICIOUS_MOVE = YES;
				CLANG_WARN_UNGUARDED_AVAILABILITY = YES_AGGRESSIVE;
				CLANG_WARN_UNREACHABLE_CODE = YES;
				CLANG_WARN__DUPLICATE_METHOD_MATCH = YES;
				CODE_SIGN_IDENTITY = "iPhone Developer";
				COPY_PHASE_STRIP = NO;
				DEBUG_INFORMATION_FORMAT = "dwarf-with-dsym";
				ENABLE_NS_ASSERTIONS = NO;
				ENABLE_STRICT_OBJC_MSGSEND = YES;
				GCC_C_LANGUAGE_STANDARD = gnu11;
				GCC_NO_COMMON_BLOCKS = YES;
				GCC_WARN_64_TO_32_BIT_CONVERSION = YES;
				GCC_WARN_ABOUT_RETURN_TYPE = YES_ERROR;
				GCC_WARN_UNDECLARED_SELECTOR = YES;
				GCC_WARN_UNINITIALIZED_AUTOS = YES_AGGRESSIVE;
				GCC_WARN_UNUSED_FUNCTION = YES;
				GCC_WARN_UNUSED_VARIABLE = YES;
				IPHONEOS_DEPLOYMENT_TARGET = 11.2;
				MTL_ENABLE_DEBUG_INFO = NO;
				SDKROOT = iphoneos;
				SWIFT_OPTIMIZATION_LEVEL = "-Owholemodule";
				VALIDATE_PRODUCT = YES;
			};
			name = Release;
		};
		F1619AB32070BC6400952950 /* Debug */ = {
			isa = XCBuildConfiguration;
			baseConfigurationReference = E57C231CB565FB27058FEBA5 /* Pods-TableMVVM.debug.xcconfig */;
			buildSettings = {
				ASSETCATALOG_COMPILER_APPICON_NAME = AppIcon;
				CODE_SIGN_STYLE = Automatic;
				DEVELOPMENT_TEAM = S448W3F7U4;
				INFOPLIST_FILE = TableMVVM/Info.plist;
				IPHONEOS_DEPLOYMENT_TARGET = 11.0;
				LD_RUNPATH_SEARCH_PATHS = "$(inherited) @executable_path/Frameworks";
				PRODUCT_BUNDLE_IDENTIFIER = com.donny.ios.TableMVVM;
				PRODUCT_NAME = "$(TARGET_NAME)";
				SWIFT_VERSION = 4.0;
				TARGETED_DEVICE_FAMILY = "1,2";
			};
			name = Debug;
		};
		F1619AB42070BC6400952950 /* Release */ = {
			isa = XCBuildConfiguration;
			baseConfigurationReference = DBC1ADFB7E076AC443B4C2FD /* Pods-TableMVVM.release.xcconfig */;
			buildSettings = {
				ASSETCATALOG_COMPILER_APPICON_NAME = AppIcon;
				CODE_SIGN_STYLE = Automatic;
				DEVELOPMENT_TEAM = S448W3F7U4;
				INFOPLIST_FILE = TableMVVM/Info.plist;
				IPHONEOS_DEPLOYMENT_TARGET = 11.0;
				LD_RUNPATH_SEARCH_PATHS = "$(inherited) @executable_path/Frameworks";
				PRODUCT_BUNDLE_IDENTIFIER = com.donny.ios.TableMVVM;
				PRODUCT_NAME = "$(TARGET_NAME)";
				SWIFT_VERSION = 4.0;
				TARGETED_DEVICE_FAMILY = "1,2";
			};
			name = Release;
		};
		F1619AB62070BC6400952950 /* Debug */ = {
			isa = XCBuildConfiguration;
			baseConfigurationReference = 52E7A13C3409BEAA47DFF6E3 /* Pods-TableMVVMTests.debug.xcconfig */;
			buildSettings = {
				ALWAYS_EMBED_SWIFT_STANDARD_LIBRARIES = YES;
				BUNDLE_LOADER = "$(TEST_HOST)";
				CODE_SIGN_STYLE = Automatic;
				DEVELOPMENT_TEAM = S448W3F7U4;
				INFOPLIST_FILE = TableMVVMTests/Info.plist;
				LD_RUNPATH_SEARCH_PATHS = "$(inherited) @executable_path/Frameworks @loader_path/Frameworks";
				PRODUCT_BUNDLE_IDENTIFIER = com.donny.ios.TableMVVMTests;
				PRODUCT_NAME = "$(TARGET_NAME)";
				SWIFT_VERSION = 4.0;
				TARGETED_DEVICE_FAMILY = "1,2";
				TEST_HOST = "$(BUILT_PRODUCTS_DIR)/TableMVVM.app/TableMVVM";
			};
			name = Debug;
		};
		F1619AB72070BC6400952950 /* Release */ = {
			isa = XCBuildConfiguration;
			baseConfigurationReference = 05B1DC1F744DFFF7D7E39EB8 /* Pods-TableMVVMTests.release.xcconfig */;
			buildSettings = {
				ALWAYS_EMBED_SWIFT_STANDARD_LIBRARIES = YES;
				BUNDLE_LOADER = "$(TEST_HOST)";
				CODE_SIGN_STYLE = Automatic;
				DEVELOPMENT_TEAM = S448W3F7U4;
				INFOPLIST_FILE = TableMVVMTests/Info.plist;
				LD_RUNPATH_SEARCH_PATHS = "$(inherited) @executable_path/Frameworks @loader_path/Frameworks";
				PRODUCT_BUNDLE_IDENTIFIER = com.donny.ios.TableMVVMTests;
				PRODUCT_NAME = "$(TARGET_NAME)";
				SWIFT_VERSION = 4.0;
				TARGETED_DEVICE_FAMILY = "1,2";
				TEST_HOST = "$(BUILT_PRODUCTS_DIR)/TableMVVM.app/TableMVVM";
			};
			name = Release;
		};
		F1619AB92070BC6400952950 /* Debug */ = {
			isa = XCBuildConfiguration;
			baseConfigurationReference = 79E54955EC3BDB1702FC0AF4 /* Pods-TableMVVMUITests.debug.xcconfig */;
			buildSettings = {
				ALWAYS_EMBED_SWIFT_STANDARD_LIBRARIES = YES;
				CODE_SIGN_STYLE = Automatic;
				DEVELOPMENT_TEAM = S448W3F7U4;
				INFOPLIST_FILE = TableMVVMUITests/Info.plist;
				LD_RUNPATH_SEARCH_PATHS = "$(inherited) @executable_path/Frameworks @loader_path/Frameworks";
				PRODUCT_BUNDLE_IDENTIFIER = com.donny.ios.TableMVVMUITests;
				PRODUCT_NAME = "$(TARGET_NAME)";
				SWIFT_VERSION = 4.0;
				TARGETED_DEVICE_FAMILY = "1,2";
				TEST_TARGET_NAME = TableMVVM;
			};
			name = Debug;
		};
		F1619ABA2070BC6400952950 /* Release */ = {
			isa = XCBuildConfiguration;
			baseConfigurationReference = 584FC162CD3DE638834CA7B9 /* Pods-TableMVVMUITests.release.xcconfig */;
			buildSettings = {
				ALWAYS_EMBED_SWIFT_STANDARD_LIBRARIES = YES;
				CODE_SIGN_STYLE = Automatic;
				DEVELOPMENT_TEAM = S448W3F7U4;
				INFOPLIST_FILE = TableMVVMUITests/Info.plist;
				LD_RUNPATH_SEARCH_PATHS = "$(inherited) @executable_path/Frameworks @loader_path/Frameworks";
				PRODUCT_BUNDLE_IDENTIFIER = com.donny.ios.TableMVVMUITests;
				PRODUCT_NAME = "$(TARGET_NAME)";
				SWIFT_VERSION = 4.0;
				TARGETED_DEVICE_FAMILY = "1,2";
				TEST_TARGET_NAME = TableMVVM;
			};
			name = Release;
		};
/* End XCBuildConfiguration section */

/* Begin XCConfigurationList section */
		F1619A852070BC6400952950 /* Build configuration list for PBXProject "TableMVVM" */ = {
			isa = XCConfigurationList;
			buildConfigurations = (
				F1619AB02070BC6400952950 /* Debug */,
				F1619AB12070BC6400952950 /* Release */,
			);
			defaultConfigurationIsVisible = 0;
			defaultConfigurationName = Release;
		};
		F1619AB22070BC6400952950 /* Build configuration list for PBXNativeTarget "TableMVVM" */ = {
			isa = XCConfigurationList;
			buildConfigurations = (
				F1619AB32070BC6400952950 /* Debug */,
				F1619AB42070BC6400952950 /* Release */,
			);
			defaultConfigurationIsVisible = 0;
			defaultConfigurationName = Release;
		};
		F1619AB52070BC6400952950 /* Build configuration list for PBXNativeTarget "TableMVVMTests" */ = {
			isa = XCConfigurationList;
			buildConfigurations = (
				F1619AB62070BC6400952950 /* Debug */,
				F1619AB72070BC6400952950 /* Release */,
			);
			defaultConfigurationIsVisible = 0;
			defaultConfigurationName = Release;
		};
		F1619AB82070BC6400952950 /* Build configuration list for PBXNativeTarget "TableMVVMUITests" */ = {
			isa = XCConfigurationList;
			buildConfigurations = (
				F1619AB92070BC6400952950 /* Debug */,
				F1619ABA2070BC6400952950 /* Release */,
			);
			defaultConfigurationIsVisible = 0;
			defaultConfigurationName = Release;
		};
/* End XCConfigurationList section */
	};
	rootObject = F1619A822070BC6400952950 /* Project object */;
}
